
Microsoft Visual Studio Solution File, Format Version 12.00
# Visual Studio Version 17
VisualStudioVersion = 17.3.32804.467
MinimumVisualStudioVersion = 10.0.40219.1
Project("{FAE04EC0-301F-11D3-BF4B-00C04F79EFBC}") = "Backend", "Backend\Backend.csproj", "{B3667DA8-5FD4-43EB-97D3-877BE7E52CEC}"
EndProject
Global
	GlobalSection(SolutionConfigurationPlatforms) = preSolution
		Debug|Any CPU = Debug|Any CPU
		Release|Any CPU = Release|Any CPU
	EndGlobalSection
	GlobalSection(ProjectConfigurationPlatforms) = postSolution
		{B3667DA8-5FD4-43EB-97D3-877BE7E52CEC}.Debug|Any CPU.ActiveCfg = Debug|Any CPU
		{B3667DA8-5FD4-43EB-97D3-877BE7E52CEC}.Debug|Any CPU.Build.0 = Debug|Any CPU
		{B3667DA8-5FD4-43EB-97D3-877BE7E52CEC}.Release|Any CPU.ActiveCfg = Release|Any CPU
		{B3667DA8-5FD4-43EB-97D3-877BE7E52CEC}.Release|Any CPU.Build.0 = Release|Any CPU
	EndGlobalSection
	GlobalSection(SolutionProperties) = preSolution
		HideSolutionNode = FALSE
	EndGlobalSection
	GlobalSection(ExtensibilityGlobals) = postSolution
		SolutionGuid = {B89EB28E-C513-4CD5-B9AE-4984895941FB}
	EndGlobalSection
EndGlobal
